
Microsoft Visual Studio Solution File, Format Version 12.00
# Visual Studio Version 16
VisualStudioVersion = 16.0.31402.337
MinimumVisualStudioVersion = 10.0.40219.1
Project("{FAE04EC0-301F-11D3-BF4B-00C04F79EFBC}") = "Cmtest_lib", "Cmtest_lib\Cmtest_lib.csproj", "{4F3BEDD7-54B9-42C4-AFA7-65A7339CFEE7}"
EndProject
Global
	GlobalSection(SolutionConfigurationPlatforms) = preSolution
		Debug|Any CPU = Debug|Any CPU
		Release|Any CPU = Release|Any CPU
	EndGlobalSection
	GlobalSection(ProjectConfigurationPlatforms) = postSolution
		{4F3BEDD7-54B9-42C4-AFA7-65A7339CFEE7}.Debug|Any CPU.ActiveCfg = Debug|Any CPU
		{4F3BEDD7-54B9-42C4-AFA7-65A7339CFEE7}.Debug|Any CPU.Build.0 = Debug|Any CPU
		{4F3BEDD7-54B9-42C4-AFA7-65A7339CFEE7}.Release|Any CPU.ActiveCfg = Release|Any CPU
		{4F3BEDD7-54B9-42C4-AFA7-65A7339CFEE7}.Release|Any CPU.Build.0 = Release|Any CPU
	EndGlobalSection
	GlobalSection(SolutionProperties) = preSolution
		HideSolutionNode = FALSE
	EndGlobalSection
	GlobalSection(ExtensibilityGlobals) = postSolution
		SolutionGuid = {68E04251-D9BD-43C5-8009-6FF375449015}
	EndGlobalSection
EndGlobal
